
Microsoft Visual Studio Solution File, Format Version 12.00
# Visual Studio Version 17
VisualStudioVersion = 17.0.31903.59
MinimumVisualStudioVersion = 10.0.40219.1
Project("{2150E333-8FDC-42A3-9474-1A3956D46DE8}") = "Host", "Host", "{E45D58EE-A3E5-484A-BF65-F21683F5C6B3}"
EndProject
Project("{FAE04EC0-301F-11D3-BF4B-00C04F79EFBC}") = "EcommerceSolution.WebApp", "Host\EcommerceSolution.WebApp\EcommerceSolution.WebApp.csproj", "{69177881-39CC-43FC-8027-3F6FD34613F8}"
EndProject
Project("{2150E333-8FDC-42A3-9474-1A3956D46DE8}") = "Domain", "Domain", "{AA41F57F-7860-4B6E-BE54-6596523076CE}"
EndProject
Project("{FAE04EC0-301F-11D3-BF4B-00C04F79EFBC}") = "EcommerceSolution.Data", "Domain\EcommerceSolution.Data\EcommerceSolution.Data.csproj", "{C8E04598-7CEC-487D-95D7-26E1DC3E415B}"
EndProject
Project("{FAE04EC0-301F-11D3-BF4B-00C04F79EFBC}") = "EcommerceSolution.Application", "Domain\EcommerceSolution.Application\EcommerceSolution.Application.csproj", "{D9016CE1-F7DB-4FDC-959D-64B361395722}"
EndProject
Global
	GlobalSection(SolutionConfigurationPlatforms) = preSolution
		Debug|Any CPU = Debug|Any CPU
		Release|Any CPU = Release|Any CPU
	EndGlobalSection
	GlobalSection(SolutionProperties) = preSolution
		HideSolutionNode = FALSE
	EndGlobalSection
	GlobalSection(ProjectConfigurationPlatforms) = postSolution
		{69177881-39CC-43FC-8027-3F6FD34613F8}.Debug|Any CPU.ActiveCfg = Debug|Any CPU
		{69177881-39CC-43FC-8027-3F6FD34613F8}.Debug|Any CPU.Build.0 = Debug|Any CPU
		{69177881-39CC-43FC-8027-3F6FD34613F8}.Release|Any CPU.ActiveCfg = Release|Any CPU
		{69177881-39CC-43FC-8027-3F6FD34613F8}.Release|Any CPU.Build.0 = Release|Any CPU
		{C8E04598-7CEC-487D-95D7-26E1DC3E415B}.Debug|Any CPU.ActiveCfg = Debug|Any CPU
		{C8E04598-7CEC-487D-95D7-26E1DC3E415B}.Debug|Any CPU.Build.0 = Debug|Any CPU
		{C8E04598-7CEC-487D-95D7-26E1DC3E415B}.Release|Any CPU.ActiveCfg = Release|Any CPU
		{C8E04598-7CEC-487D-95D7-26E1DC3E415B}.Release|Any CPU.Build.0 = Release|Any CPU
		{D9016CE1-F7DB-4FDC-959D-64B361395722}.Debug|Any CPU.ActiveCfg = Debug|Any CPU
		{D9016CE1-F7DB-4FDC-959D-64B361395722}.Debug|Any CPU.Build.0 = Debug|Any CPU
		{D9016CE1-F7DB-4FDC-959D-64B361395722}.Release|Any CPU.ActiveCfg = Release|Any CPU
		{D9016CE1-F7DB-4FDC-959D-64B361395722}.Release|Any CPU.Build.0 = Release|Any CPU
	EndGlobalSection
	GlobalSection(NestedProjects) = preSolution
		{69177881-39CC-43FC-8027-3F6FD34613F8} = {E45D58EE-A3E5-484A-BF65-F21683F5C6B3}
		{C8E04598-7CEC-487D-95D7-26E1DC3E415B} = {AA41F57F-7860-4B6E-BE54-6596523076CE}
		{D9016CE1-F7DB-4FDC-959D-64B361395722} = {AA41F57F-7860-4B6E-BE54-6596523076CE}
	EndGlobalSection
EndGlobal
